// !$*UTF8*$!
{
	archiveVersion = 1;
	classes = {
	};
	objectVersion = 55;
	objects = {

/* Begin PBXBuildFile section */
		151ED2BC2A02053800DC32E2 /* AppDelegate.swift in Sources */ = {isa = PBXBuildFile; fileRef = 151ED2BB2A02053800DC32E2 /* AppDelegate.swift */; };
		151ED2BF2A020C4300DC32E2 /* EventVisitor.swift in Sources */ = {isa = PBXBuildFile; fileRef = 151ED2BE2A020C4300DC32E2 /* EventVisitor.swift */; };
		151ED2C12A020C6C00DC32E2 /* VisitorDelegate.swift in Sources */ = {isa = PBXBuildFile; fileRef = 151ED2C02A020C6C00DC32E2 /* VisitorDelegate.swift */; };
		151ED2C32A020C7C00DC32E2 /* KeyboardEvent.swift in Sources */ = {isa = PBXBuildFile; fileRef = 151ED2C22A020C7C00DC32E2 /* KeyboardEvent.swift */; };
		151ED2C52A020C8900DC32E2 /* BaseEvent.swift in Sources */ = {isa = PBXBuildFile; fileRef = 151ED2C42A020C8900DC32E2 /* BaseEvent.swift */; };
		151ED2C72A02127000DC32E2 /* NSEvent+Serialization.swift in Sources */ = {isa = PBXBuildFile; fileRef = 151ED2C62A02127000DC32E2 /* NSEvent+Serialization.swift */; };
		151ED2CA2A0215F400DC32E2 /* SwiftyJSON in Frameworks */ = {isa = PBXBuildFile; productRef = 151ED2C92A0215F400DC32E2 /* SwiftyJSON */; };
		151ED2CC2A02190B00DC32E2 /* MouseEvent.swift in Sources */ = {isa = PBXBuildFile; fileRef = 151ED2CB2A02190B00DC32E2 /* MouseEvent.swift */; };
		30851F0E29F278480003F082 /* MacEventsApp.swift in Sources */ = {isa = PBXBuildFile; fileRef = 30851F0D29F278480003F082 /* MacEventsApp.swift */; };
		30851F1029F278480003F082 /* ContentView.swift in Sources */ = {isa = PBXBuildFile; fileRef = 30851F0F29F278480003F082 /* ContentView.swift */; };
		30851F1229F2784D0003F082 /* Assets.xcassets in Resources */ = {isa = PBXBuildFile; fileRef = 30851F1129F2784D0003F082 /* Assets.xcassets */; };
		30851F1529F2784D0003F082 /* Preview Assets.xcassets in Resources */ = {isa = PBXBuildFile; fileRef = 30851F1429F2784D0003F082 /* Preview Assets.xcassets */; };
/* End PBXBuildFile section */

/* Begin PBXFileReference section */
		151ED2BB2A02053800DC32E2 /* AppDelegate.swift */ = {isa = PBXFileReference; lastKnownFileType = sourcecode.swift; path = AppDelegate.swift; sourceTree = "<group>"; };
		151ED2BE2A020C4300DC32E2 /* EventVisitor.swift */ = {isa = PBXFileReference; lastKnownFileType = sourcecode.swift; path = EventVisitor.swift; sourceTree = "<group>"; };
		151ED2C02A020C6C00DC32E2 /* VisitorDelegate.swift */ = {isa = PBXFileReference; lastKnownFileType = sourcecode.swift; path = VisitorDelegate.swift; sourceTree = "<group>"; };
		151ED2C22A020C7C00DC32E2 /* KeyboardEvent.swift */ = {isa = PBXFileReference; lastKnownFileType = sourcecode.swift; path = KeyboardEvent.swift; sourceTree = "<group>"; };
		151ED2C42A020C8900DC32E2 /* BaseEvent.swift */ = {isa = PBXFileReference; lastKnownFileType = sourcecode.swift; path = BaseEvent.swift; sourceTree = "<group>"; };
		151ED2C62A02127000DC32E2 /* NSEvent+Serialization.swift */ = {isa = PBXFileReference; lastKnownFileType = sourcecode.swift; path = "NSEvent+Serialization.swift"; sourceTree = "<group>"; };
		151ED2CB2A02190B00DC32E2 /* MouseEvent.swift */ = {isa = PBXFileReference; lastKnownFileType = sourcecode.swift; path = MouseEvent.swift; sourceTree = "<group>"; };
		30851F0A29F278480003F082 /* MacEvents.app */ = {isa = PBXFileReference; explicitFileType = wrapper.application; includeInIndex = 0; path = MacEvents.app; sourceTree = BUILT_PRODUCTS_DIR; };
		30851F0D29F278480003F082 /* MacEventsApp.swift */ = {isa = PBXFileReference; lastKnownFileType = sourcecode.swift; path = MacEventsApp.swift; sourceTree = "<group>"; };
		30851F0F29F278480003F082 /* ContentView.swift */ = {isa = PBXFileReference; lastKnownFileType = sourcecode.swift; path = ContentView.swift; sourceTree = "<group>"; };
		30851F1129F2784D0003F082 /* Assets.xcassets */ = {isa = PBXFileReference; lastKnownFileType = folder.assetcatalog; path = Assets.xcassets; sourceTree = "<group>"; };
		30851F1429F2784D0003F082 /* Preview Assets.xcassets */ = {isa = PBXFileReference; lastKnownFileType = folder.assetcatalog; path = "Preview Assets.xcassets"; sourceTree = "<group>"; };
		30851F1629F2784D0003F082 /* MacEvents.entitlements */ = {isa = PBXFileReference; lastKnownFileType = text.plist.entitlements; path = MacEvents.entitlements; sourceTree = "<group>"; };
/* End PBXFileReference section */

/* Begin PBXFrameworksBuildPhase section */
		30851F0729F278480003F082 /* Frameworks */ = {
			isa = PBXFrameworksBuildPhase;
			buildActionMask = 2147483647;
			files = (
				151ED2CA2A0215F400DC32E2 /* SwiftyJSON in Frameworks */,
			);
			runOnlyForDeploymentPostprocessing = 0;
		};
/* End PBXFrameworksBuildPhase section */

/* Begin PBXGroup section */
		151ED2BD2A020C1100DC32E2 /* parse */ = {
			isa = PBXGroup;
			children = (
				151ED2BE2A020C4300DC32E2 /* EventVisitor.swift */,
				151ED2C02A020C6C00DC32E2 /* VisitorDelegate.swift */,
				151ED2C42A020C8900DC32E2 /* BaseEvent.swift */,
				151ED2C22A020C7C00DC32E2 /* KeyboardEvent.swift */,
				151ED2CB2A02190B00DC32E2 /* MouseEvent.swift */,
				151ED2C62A02127000DC32E2 /* NSEvent+Serialization.swift */,
			);
			path = parse;
			sourceTree = "<group>";
		};
		30851F0129F278480003F082 = {
			isa = PBXGroup;
			children = (
				30851F0C29F278480003F082 /* MacEvents */,
				30851F0B29F278480003F082 /* Products */,
			);
			sourceTree = "<group>";
		};
		30851F0B29F278480003F082 /* Products */ = {
			isa = PBXGroup;
			children = (
				30851F0A29F278480003F082 /* MacEvents.app */,
			);
			name = Products;
			sourceTree = "<group>";
		};
		30851F0C29F278480003F082 /* MacEvents */ = {
			isa = PBXGroup;
			children = (
				151ED2BD2A020C1100DC32E2 /* parse */,
				30851F0D29F278480003F082 /* MacEventsApp.swift */,
				30851F0F29F278480003F082 /* ContentView.swift */,
				151ED2BB2A02053800DC32E2 /* AppDelegate.swift */,
				30851F1129F2784D0003F082 /* Assets.xcassets */,
				30851F1629F2784D0003F082 /* MacEvents.entitlements */,
				30851F1329F2784D0003F082 /* Preview Content */,
			);
			path = MacEvents;
			sourceTree = "<group>";
		};
		30851F1329F2784D0003F082 /* Preview Content */ = {
			isa = PBXGroup;
			children = (
				30851F1429F2784D0003F082 /* Preview Assets.xcassets */,
			);
			path = "Preview Content";
			sourceTree = "<group>";
		};
/* End PBXGroup section */

/* Begin PBXNativeTarget section */
		30851F0929F278480003F082 /* MacEvents */ = {
			isa = PBXNativeTarget;
			buildConfigurationList = 30851F1929F2784D0003F082 /* Build configuration list for PBXNativeTarget "MacEvents" */;
			buildPhases = (
				30851F0629F278480003F082 /* Sources */,
				30851F0729F278480003F082 /* Frameworks */,
				30851F0829F278480003F082 /* Resources */,
			);
			buildRules = (
			);
			dependencies = (
			);
			name = MacEvents;
			packageProductDependencies = (
				151ED2C92A0215F400DC32E2 /* SwiftyJSON */,
			);
			productName = MacEvents;
			productReference = 30851F0A29F278480003F082 /* MacEvents.app */;
			productType = "com.apple.product-type.application";
		};
/* End PBXNativeTarget section */

/* Begin PBXProject section */
		30851F0229F278480003F082 /* Project object */ = {
			isa = PBXProject;
			attributes = {
				BuildIndependentTargetsInParallel = 1;
				LastSwiftUpdateCheck = 1330;
				LastUpgradeCheck = 1330;
				TargetAttributes = {
					30851F0929F278480003F082 = {
						CreatedOnToolsVersion = 13.3.1;
					};
				};
			};
			buildConfigurationList = 30851F0529F278480003F082 /* Build configuration list for PBXProject "MacEvents" */;
			compatibilityVersion = "Xcode 13.0";
			developmentRegion = en;
			hasScannedForEncodings = 0;
			knownRegions = (
				en,
				Base,
			);
			mainGroup = 30851F0129F278480003F082;
			packageReferences = (
				151ED2C82A0215F400DC32E2 /* XCRemoteSwiftPackageReference "SwiftyJSON" */,
			);
			productRefGroup = 30851F0B29F278480003F082 /* Products */;
			projectDirPath = "";
			projectRoot = "";
			targets = (
				30851F0929F278480003F082 /* MacEvents */,
			);
		};
/* End PBXProject section */

/* Begin PBXResourcesBuildPhase section */
		30851F0829F278480003F082 /* Resources */ = {
			isa = PBXResourcesBuildPhase;
			buildActionMask = 2147483647;
			files = (
				30851F1529F2784D0003F082 /* Preview Assets.xcassets in Resources */,
				30851F1229F2784D0003F082 /* Assets.xcassets in Resources */,
			);
			runOnlyForDeploymentPostprocessing = 0;
		};
/* End PBXResourcesBuildPhase section */

/* Begin PBXSourcesBuildPhase section */
		30851F0629F278480003F082 /* Sources */ = {
			isa = PBXSourcesBuildPhase;
			buildActionMask = 2147483647;
			files = (
				151ED2C12A020C6C00DC32E2 /* VisitorDelegate.swift in Sources */,
				151ED2BC2A02053800DC32E2 /* AppDelegate.swift in Sources */,
				151ED2C72A02127000DC32E2 /* NSEvent+Serialization.swift in Sources */,
				30851F1029F278480003F082 /* ContentView.swift in Sources */,
				30851F0E29F278480003F082 /* MacEventsApp.swift in Sources */,
				151ED2BF2A020C4300DC32E2 /* EventVisitor.swift in Sources */,
				151ED2C32A020C7C00DC32E2 /* KeyboardEvent.swift in Sources */,
				151ED2CC2A02190B00DC32E2 /* MouseEvent.swift in Sources */,
				151ED2C52A020C8900DC32E2 /* BaseEvent.swift in Sources */,
			);
			runOnlyForDeploymentPostprocessing = 0;
		};
/* End PBXSourcesBuildPhase section */

/* Begin XCBuildConfiguration section */
		30851F1729F2784D0003F082 /* Debug */ = {
			isa = XCBuildConfiguration;
			buildSettings = {
				ALWAYS_SEARCH_USER_PATHS = NO;
				CLANG_ANALYZER_NONNULL = YES;
				CLANG_ANALYZER_NUMBER_OBJECT_CONVERSION = YES_AGGRESSIVE;
				CLANG_CXX_LANGUAGE_STANDARD = "gnu++17";
				CLANG_ENABLE_MODULES = YES;
				CLANG_ENABLE_OBJC_ARC = YES;
				CLANG_ENABLE_OBJC_WEAK = YES;
				CLANG_WARN_BLOCK_CAPTURE_AUTORELEASING = YES;
				CLANG_WARN_BOOL_CONVERSION = YES;
				CLANG_WARN_COMMA = YES;
				CLANG_WARN_CONSTANT_CONVERSION = YES;
				CLANG_WARN_DEPRECATED_OBJC_IMPLEMENTATIONS = YES;
				CLANG_WARN_DIRECT_OBJC_ISA_USAGE = YES_ERROR;
				CLANG_WARN_DOCUMENTATION_COMMENTS = YES;
				CLANG_WARN_EMPTY_BODY = YES;
				CLANG_WARN_ENUM_CONVERSION = YES;
				CLANG_WARN_INFINITE_RECURSION = YES;
				CLANG_WARN_INT_CONVERSION = YES;
				CLANG_WARN_NON_LITERAL_NULL_CONVERSION = YES;
				CLANG_WARN_OBJC_IMPLICIT_RETAIN_SELF = YES;
				CLANG_WARN_OBJC_LITERAL_CONVERSION = YES;
				CLANG_WARN_OBJC_ROOT_CLASS = YES_ERROR;
				CLANG_WARN_QUOTED_INCLUDE_IN_FRAMEWORK_HEADER = YES;
				CLANG_WARN_RANGE_LOOP_ANALYSIS = YES;
				CLANG_WARN_STRICT_PROTOTYPES = YES;
				CLANG_WARN_SUSPICIOUS_MOVE = YES;
				CLANG_WARN_UNGUARDED_AVAILABILITY = YES_AGGRESSIVE;
				CLANG_WARN_UNREACHABLE_CODE = YES;
				CLANG_WARN__DUPLICATE_METHOD_MATCH = YES;
				COPY_PHASE_STRIP = NO;
				DEBUG_INFORMATION_FORMAT = dwarf;
				ENABLE_STRICT_OBJC_MSGSEND = YES;
				ENABLE_TESTABILITY = YES;
				GCC_C_LANGUAGE_STANDARD = gnu11;
				GCC_DYNAMIC_NO_PIC = NO;
				GCC_NO_COMMON_BLOCKS = YES;
				GCC_OPTIMIZATION_LEVEL = 0;
				GCC_PREPROCESSOR_DEFINITIONS = (
					"DEBUG=1",
					"$(inherited)",
				);
				GCC_WARN_64_TO_32_BIT_CONVERSION = YES;
				GCC_WARN_ABOUT_RETURN_TYPE = YES_ERROR;
				GCC_WARN_UNDECLARED_SELECTOR = YES;
				GCC_WARN_UNINITIALIZED_AUTOS = YES_AGGRESSIVE;
				GCC_WARN_UNUSED_FUNCTION = YES;
				GCC_WARN_UNUSED_VARIABLE = YES;
				MACOSX_DEPLOYMENT_TARGET = 12.3;
				MTL_ENABLE_DEBUG_INFO = INCLUDE_SOURCE;
				MTL_FAST_MATH = YES;
				ONLY_ACTIVE_ARCH = YES;
				SDKROOT = macosx;
				SWIFT_ACTIVE_COMPILATION_CONDITIONS = DEBUG;
				SWIFT_OPTIMIZATION_LEVEL = "-Onone";
			};
			name = Debug;
		};
		30851F1829F2784D0003F082 /* Release */ = {
			isa = XCBuildConfiguration;
			buildSettings = {
				ALWAYS_SEARCH_USER_PATHS = NO;
				CLANG_ANALYZER_NONNULL = YES;
				CLANG_ANALYZER_NUMBER_OBJECT_CONVERSION = YES_AGGRESSIVE;
				CLANG_CXX_LANGUAGE_STANDARD = "gnu++17";
				CLANG_ENABLE_MODULES = YES;
				CLANG_ENABLE_OBJC_ARC = YES;
				CLANG_ENABLE_OBJC_WEAK = YES;
				CLANG_WARN_BLOCK_CAPTURE_AUTORELEASING = YES;
				CLANG_WARN_BOOL_CONVERSION = YES;
				CLANG_WARN_COMMA = YES;
				CLANG_WARN_CONSTANT_CONVERSION = YES;
				CLANG_WARN_DEPRECATED_OBJC_IMPLEMENTATIONS = YES;
				CLANG_WARN_DIRECT_OBJC_ISA_USAGE = YES_ERROR;
				CLANG_WARN_DOCUMENTATION_COMMENTS = YES;
				CLANG_WARN_EMPTY_BODY = YES;
				CLANG_WARN_ENUM_CONVERSION = YES;
				CLANG_WARN_INFINITE_RECURSION = YES;
				CLANG_WARN_INT_CONVERSION = YES;
				CLANG_WARN_NON_LITERAL_NULL_CONVERSION = YES;
				CLANG_WARN_OBJC_IMPLICIT_RETAIN_SELF = YES;
				CLANG_WARN_OBJC_LITERAL_CONVERSION = YES;
				CLANG_WARN_OBJC_ROOT_CLASS = YES_ERROR;
				CLANG_WARN_QUOTED_INCLUDE_IN_FRAMEWORK_HEADER = YES;
				CLANG_WARN_RANGE_LOOP_ANALYSIS = YES;
				CLANG_WARN_STRICT_PROTOTYPES = YES;
				CLANG_WARN_SUSPICIOUS_MOVE = YES;
				CLANG_WARN_UNGUARDED_AVAILABILITY = YES_AGGRESSIVE;
				CLANG_WARN_UNREACHABLE_CODE = YES;
				CLANG_WARN__DUPLICATE_METHOD_MATCH = YES;
				COPY_PHASE_STRIP = NO;
				DEBUG_INFORMATION_FORMAT = "dwarf-with-dsym";
				ENABLE_NS_ASSERTIONS = NO;
				ENABLE_STRICT_OBJC_MSGSEND = YES;
				GCC_C_LANGUAGE_STANDARD = gnu11;
				GCC_NO_COMMON_BLOCKS = YES;
				GCC_WARN_64_TO_32_BIT_CONVERSION = YES;
				GCC_WARN_ABOUT_RETURN_TYPE = YES_ERROR;
				GCC_WARN_UNDECLARED_SELECTOR = YES;
				GCC_WARN_UNINITIALIZED_AUTOS = YES_AGGRESSIVE;
				GCC_WARN_UNUSED_FUNCTION = YES;
				GCC_WARN_UNUSED_VARIABLE = YES;
				MACOSX_DEPLOYMENT_TARGET = 12.3;
				MTL_ENABLE_DEBUG_INFO = NO;
				MTL_FAST_MATH = YES;
				SDKROOT = macosx;
				SWIFT_COMPILATION_MODE = wholemodule;
				SWIFT_OPTIMIZATION_LEVEL = "-O";
			};
			name = Release;
		};
		30851F1A29F2784D0003F082 /* Debug */ = {
			isa = XCBuildConfiguration;
			buildSettings = {
				ASSETCATALOG_COMPILER_APPICON_NAME = AppIcon;
				ASSETCATALOG_COMPILER_GLOBAL_ACCENT_COLOR_NAME = AccentColor;
				CODE_SIGN_ENTITLEMENTS = MacEvents/MacEvents.entitlements;
				"CODE_SIGN_IDENTITY[sdk=macosx*]" = "Apple Development";
				CODE_SIGN_STYLE = Automatic;
				COMBINE_HIDPI_IMAGES = YES;
				CURRENT_PROJECT_VERSION = 1;
				DEVELOPMENT_ASSET_PATHS = "\"MacEvents/Preview Content\"";
				DEVELOPMENT_TEAM = JW7UJ266Q7;
				ENABLE_HARDENED_RUNTIME = YES;
				ENABLE_PREVIEWS = YES;
				GENERATE_INFOPLIST_FILE = YES;
				INFOPLIST_KEY_LSUIElement = YES;
				INFOPLIST_KEY_NSHumanReadableCopyright = "";
				LD_RUNPATH_SEARCH_PATHS = (
					"$(inherited)",
					"@executable_path/../Frameworks",
				);
				MACOSX_DEPLOYMENT_TARGET = 13.0;
				MARKETING_VERSION = 1.0;
				PRODUCT_BUNDLE_IDENTIFIER = even.MacEvents;
				PRODUCT_NAME = "$(TARGET_NAME)";
				SWIFT_EMIT_LOC_STRINGS = YES;
				SWIFT_VERSION = 5.0;
			};
			name = Debug;
		};
		30851F1B29F2784D0003F082 /* Release */ = {
			isa = XCBuildConfiguration;
			buildSettings = {
				ASSETCATALOG_COMPILER_APPICON_NAME = AppIcon;
				ASSETCATALOG_COMPILER_GLOBAL_ACCENT_COLOR_NAME = AccentColor;
				CODE_SIGN_ENTITLEMENTS = MacEvents/MacEvents.entitlements;
				"CODE_SIGN_IDENTITY[sdk=macosx*]" = "Apple Development";
				CODE_SIGN_STYLE = Automatic;
				COMBINE_HIDPI_IMAGES = YES;
				CURRENT_PROJECT_VERSION = 1;
				DEVELOPMENT_ASSET_PATHS = "\"MacEvents/Preview Content\"";
				DEVELOPMENT_TEAM = JW7UJ266Q7;
				ENABLE_HARDENED_RUNTIME = YES;
				ENABLE_PREVIEWS = YES;
				GENERATE_INFOPLIST_FILE = YES;
				INFOPLIST_KEY_LSUIElement = YES;
				INFOPLIST_KEY_NSHumanReadableCopyright = "";
				LD_RUNPATH_SEARCH_PATHS = (
					"$(inherited)",
					"@executable_path/../Frameworks",
				);
				MACOSX_DEPLOYMENT_TARGET = 13.0;
				MARKETING_VERSION = 1.0;
				PRODUCT_BUNDLE_IDENTIFIER = even.MacEvents;
				PRODUCT_NAME = "$(TARGET_NAME)";
				SWIFT_EMIT_LOC_STRINGS = YES;
				SWIFT_VERSION = 5.0;
			};
			name = Release;
		};
/* End XCBuildConfiguration section */

/* Begin XCConfigurationList section */
		30851F0529F278480003F082 /* Build configuration list for PBXProject "MacEvents" */ = {
			isa = XCConfigurationList;
			buildConfigurations = (
				30851F1729F2784D0003F082 /* Debug */,
				30851F1829F2784D0003F082 /* Release */,
			);
			defaultConfigurationIsVisible = 0;
			defaultConfigurationName = Release;
		};
		30851F1929F2784D0003F082 /* Build configuration list for PBXNativeTarget "MacEvents" */ = {
			isa = XCConfigurationList;
			buildConfigurations = (
				30851F1A29F2784D0003F082 /* Debug */,
				30851F1B29F2784D0003F082 /* Release */,
			);
			defaultConfigurationIsVisible = 0;
			defaultConfigurationName = Release;
		};
/* End XCConfigurationList section */

/* Begin XCRemoteSwiftPackageReference section */
		151ED2C82A0215F400DC32E2 /* XCRemoteSwiftPackageReference "SwiftyJSON" */ = {
			isa = XCRemoteSwiftPackageReference;
			repositoryURL = "https://github.com/SwiftyJSON/SwiftyJSON.git";
			requirement = {
				kind = upToNextMajorVersion;
				minimumVersion = 5.0.0;
			};
		};
/* End XCRemoteSwiftPackageReference section */

/* Begin XCSwiftPackageProductDependency section */
		151ED2C92A0215F400DC32E2 /* SwiftyJSON */ = {
			isa = XCSwiftPackageProductDependency;
			package = 151ED2C82A0215F400DC32E2 /* XCRemoteSwiftPackageReference "SwiftyJSON" */;
			productName = SwiftyJSON;
		};
/* End XCSwiftPackageProductDependency section */
	};
	rootObject = 30851F0229F278480003F082 /* Project object */;
}
